
Microsoft Visual Studio Solution File, Format Version 12.00
# Visual Studio Version 17
VisualStudioVersion = 17.13.35825.156 d17.13
MinimumVisualStudioVersion = 10.0.40219.1
Project("{FAE04EC0-301F-11D3-BF4B-00C04F79EFBC}") = "ChartApp", "ChartApp\ChartApp.csproj", "{DA10B382-D80A-4E74-8C51-535879D0C7F5}"
EndProject
Global
	GlobalSection(SolutionConfigurationPlatforms) = preSolution
		Debug|Any CPU = Debug|Any CPU
		Release|Any CPU = Release|Any CPU
	EndGlobalSection
	GlobalSection(ProjectConfigurationPlatforms) = postSolution
		{DA10B382-D80A-4E74-8C51-535879D0C7F5}.Debug|Any CPU.ActiveCfg = Debug|Any CPU
		{DA10B382-D80A-4E74-8C51-535879D0C7F5}.Debug|Any CPU.Build.0 = Debug|Any CPU
		{DA10B382-D80A-4E74-8C51-535879D0C7F5}.Release|Any CPU.ActiveCfg = Release|Any CPU
		{DA10B382-D80A-4E74-8C51-535879D0C7F5}.Release|Any CPU.Build.0 = Release|Any CPU
	EndGlobalSection
	GlobalSection(SolutionProperties) = preSolution
		HideSolutionNode = FALSE
	EndGlobalSection
	GlobalSection(ExtensibilityGlobals) = postSolution
		SolutionGuid = {5A73A60D-8989-4739-908A-F148244F01FF}
	EndGlobalSection
EndGlobal
